{
  "requires": true,
  "lockfileVersion": 1,
  "dependencies": {
    "@sentry/core": {
      "version": "4.3.1",
      "resolved": "https://registry.npmjs.org/@sentry/core/-/core-4.3.1.tgz",
      "integrity": "sha512-CrhjFFmetvnw6u4dk1fjFTfOXvzOaqufrA52FBYtc8/qEsu6jdlt8xSj2el5PVpBXrFDEvOPcUqQB0kjOIqtfA==",
      "requires": {
        "@sentry/hub": "4.3.1",
        "@sentry/minimal": "4.3.1",
        "@sentry/types": "4.3.1",
        "@sentry/utils": "4.3.1"
      }
    },
    "@sentry/hub": {
      "version": "4.3.1",
      "resolved": "https://registry.npmjs.org/@sentry/hub/-/hub-4.3.1.tgz",
      "integrity": "sha512-+LDacBsr4s4MwX1lwqVyorOOwnA7qykyxOm2PiXfjPsJScZ84DrnlpRs+aXY69++2o350M+KUATyKP02lzwxOQ==",
      "requires": {
        "@sentry/types": "4.3.1",
        "@sentry/utils": "4.3.1"
      }
    },
    "@sentry/minimal": {
      "version": "4.3.1",
      "resolved": "https://registry.npmjs.org/@sentry/minimal/-/minimal-4.3.1.tgz",
      "integrity": "sha512-pSjJ97Cv0Ya/7UlFt7AJIXYkRMCPIhuk0hx/gU1188sn75Y2msmAC25/Ru1vW5sHhm5X2FPCMYiJd6zdPLUcyA==",
      "requires": {
        "@sentry/hub": "4.3.1",
        "@sentry/types": "4.3.1"
      }
    },
    "@sentry/node": {
      "version": "4.3.1",
      "resolved": "https://registry.npmjs.org/@sentry/node/-/node-4.3.1.tgz",
      "integrity": "sha512-HrRw2Xcb3DAw9+DauMaQ/ID4ICfTv/MjnVW16MsMLM8tSY7yXd3Ib1xQx08KQa+OQvR9nn2F65mNJMdCUwd3YA==",
      "requires": {
        "@sentry/core": "4.3.1",
        "@sentry/hub": "4.3.1",
        "@sentry/types": "4.3.1",
        "@sentry/utils": "4.3.1",
        "cookie": "0.3.1",
        "lsmod": "1.0.0",
        "md5": "2.2.1",
        "stack-trace": "0.0.10"
      }
    },
    "@sentry/types": {
      "version": "4.3.1",
      "resolved": "https://registry.npmjs.org/@sentry/types/-/types-4.3.1.tgz",
      "integrity": "sha512-I7cR2fqJKF4rjjv3LK/W6GgSpfwCWZFyuO5V6TwM17wq8uLLrjQ/tYrJC2Rg6kxKIqS2kGxcZqRekRTXVpxdeA=="
    },
    "@sentry/utils": {
      "version": "4.3.1",
      "resolved": "https://registry.npmjs.org/@sentry/utils/-/utils-4.3.1.tgz",
      "integrity": "sha512-UFubNT39mM4EQp56BFYmB936Vyy1F7ytvDT3czsvnZu7zVCrGYZftC2Lv1cTa1Gy8SliBXp2pdbCpIdPTgirVg==",
      "requires": {
        "@sentry/types": "4.3.1"
      }
    },
    "charenc": {
      "version": "0.0.2",
      "resolved": "https://registry.npmjs.org/charenc/-/charenc-0.0.2.tgz",
      "integrity": "sha1-wKHS86cJLgN3S/qD8UwPxXkKhmc="
    },
    "cookie": {
      "version": "0.3.1",
      "resolved": "https://registry.npmjs.org/cookie/-/cookie-0.3.1.tgz",
      "integrity": "sha1-5+Ch+e9DtMi6klxcWpboBtFoc7s="
    },
    "crypt": {
      "version": "0.0.2",
      "resolved": "https://registry.npmjs.org/crypt/-/crypt-0.0.2.tgz",
      "integrity": "sha1-iNf/fsDfuG9xPch7u0LQRNPmxBs="
    },
    "is-buffer": {
      "version": "1.1.6",
      "resolved": "https://registry.npmjs.org/is-buffer/-/is-buffer-1.1.6.tgz",
      "integrity": "sha512-NcdALwpXkTm5Zvvbk7owOUSvVvBKDgKP5/ewfXEznmQFfs4ZRmanOeKBTjRVjka3QFoN6XJ+9F3USqfHqTaU5w=="
    },
    "lsmod": {
      "version": "1.0.0",
      "resolved": "https://registry.npmjs.org/lsmod/-/lsmod-1.0.0.tgz",
      "integrity": "sha1-mgD3bco26yP6BTUK/htYXUKZ5ks="
    },
    "md5": {
      "version": "2.2.1",
      "resolved": "https://registry.npmjs.org/md5/-/md5-2.2.1.tgz",
      "integrity": "sha1-U6s41f48iJG6RlMp6iP6wFQBJvk=",
      "requires": {
        "charenc": "~0.0.1",
        "crypt": "~0.0.1",
        "is-buffer": "~1.1.1"
      }
    },
    "stack-trace": {
      "version": "0.0.10",
      "resolved": "https://registry.npmjs.org/stack-trace/-/stack-trace-0.0.10.tgz",
      "integrity": "sha1-VHxws0fo0ytOEI6hoqFZ5f3eGcA="
    },
    "timed-out": {
      "version": "4.0.1",
      "resolved": "https://registry.npmjs.org/timed-out/-/timed-out-4.0.1.tgz",
      "integrity": "sha1-8y6srFoXW+ol1/q1Zas+2HQe9W8="
    },
    "uuid": {
      "version": "3.3.2",
      "resolved": "https://registry.npmjs.org/uuid/-/uuid-3.3.2.tgz",
      "integrity": "sha512-yXJmeNaw3DnnKAOKJE51sL/ZaYfWJRl1pK9dr19YFCu0ObS231AB1/LbqTKRAQ5kw8A90rA6fr4riOUpTZvQZA=="
    }
  }
}
